
Microsoft Visual Studio Solution File, Format Version 12.00
# Visual Studio Version 17
VisualStudioVersion = 17.2.32630.192
MinimumVisualStudioVersion = 10.0.40219.1
Project("{FAE04EC0-301F-11D3-BF4B-00C04F79EFBC}") = "FoodDelivery", "FoodDelivery\FoodDelivery.csproj", "{4CFE51E0-433C-4901-BA2D-1EBB7A8BD8CC}"
EndProject
Global
	GlobalSection(SolutionConfigurationPlatforms) = preSolution
		Debug|Any CPU = Debug|Any CPU
		Release|Any CPU = Release|Any CPU
	EndGlobalSection
	GlobalSection(ProjectConfigurationPlatforms) = postSolution
		{4CFE51E0-433C-4901-BA2D-1EBB7A8BD8CC}.Debug|Any CPU.ActiveCfg = Debug|Any CPU
		{4CFE51E0-433C-4901-BA2D-1EBB7A8BD8CC}.Debug|Any CPU.Build.0 = Debug|Any CPU
		{4CFE51E0-433C-4901-BA2D-1EBB7A8BD8CC}.Release|Any CPU.ActiveCfg = Release|Any CPU
		{4CFE51E0-433C-4901-BA2D-1EBB7A8BD8CC}.Release|Any CPU.Build.0 = Release|Any CPU
	EndGlobalSection
	GlobalSection(SolutionProperties) = preSolution
		HideSolutionNode = FALSE
	EndGlobalSection
	GlobalSection(ExtensibilityGlobals) = postSolution
		SolutionGuid = {BE567447-F0A6-4A55-9447-0A20D5C21615}
	EndGlobalSection
EndGlobal
